
Microsoft Visual Studio Solution File, Format Version 12.00
# Visual Studio Version 16
VisualStudioVersion = 16.0.31105.61
MinimumVisualStudioVersion = 10.0.40219.1
Project("{FAE04EC0-301F-11D3-BF4B-00C04F79EFBC}") = "ButterFlyApi", "ButterFlyApi.csproj", "{9A0FF3BB-16CD-4FA2-9CFB-D0C850D54E25}"
EndProject
Project("{FAE04EC0-301F-11D3-BF4B-00C04F79EFBC}") = "TestButterFlyApi", "..\TestButterFlyApi\TestButterFlyApi.csproj", "{39E25631-058E-41A7-B218-C45EB4D05756}"
EndProject
Global
	GlobalSection(SolutionConfigurationPlatforms) = preSolution
		Debug|Any CPU = Debug|Any CPU
		Release|Any CPU = Release|Any CPU
	EndGlobalSection
	GlobalSection(ProjectConfigurationPlatforms) = postSolution
		{9A0FF3BB-16CD-4FA2-9CFB-D0C850D54E25}.Debug|Any CPU.ActiveCfg = Debug|Any CPU
		{9A0FF3BB-16CD-4FA2-9CFB-D0C850D54E25}.Debug|Any CPU.Build.0 = Debug|Any CPU
		{9A0FF3BB-16CD-4FA2-9CFB-D0C850D54E25}.Release|Any CPU.ActiveCfg = Release|Any CPU
		{9A0FF3BB-16CD-4FA2-9CFB-D0C850D54E25}.Release|Any CPU.Build.0 = Release|Any CPU
		{39E25631-058E-41A7-B218-C45EB4D05756}.Debug|Any CPU.ActiveCfg = Debug|Any CPU
		{39E25631-058E-41A7-B218-C45EB4D05756}.Debug|Any CPU.Build.0 = Debug|Any CPU
		{39E25631-058E-41A7-B218-C45EB4D05756}.Release|Any CPU.ActiveCfg = Release|Any CPU
		{39E25631-058E-41A7-B218-C45EB4D05756}.Release|Any CPU.Build.0 = Release|Any CPU
	EndGlobalSection
	GlobalSection(SolutionProperties) = preSolution
		HideSolutionNode = FALSE
	EndGlobalSection
	GlobalSection(ExtensibilityGlobals) = postSolution
		SolutionGuid = {FC190636-169B-4E1F-9F5F-ADF68986BED0}
	EndGlobalSection
EndGlobal
